
Microsoft Visual Studio Solution File, Format Version 11.00
# Visual Studio 2010
Project("{FAE04EC0-301F-11D3-BF4B-00C04F79EFBC}") = "LuaFramework_UGUI", "Assembly-CSharp.csproj", "{DE58CFE6-3FE7-6E9B-9B4E-0FAFE3062357}"
EndProject
Project("{FAE04EC0-301F-11D3-BF4B-00C04F79EFBC}") = "LuaFramework_UGUI", "Assembly-CSharp-Editor.csproj", "{C053E89E-8DCC-ABFA-1FB4-062CDBB84866}"
EndProject
Global
	GlobalSection(SolutionConfigurationPlatforms) = preSolution
		Debug|Any CPU = Debug|Any CPU
		Release|Any CPU = Release|Any CPU
	EndGlobalSection
	GlobalSection(ProjectConfigurationPlatforms) = postSolution
		{DE58CFE6-3FE7-6E9B-9B4E-0FAFE3062357}.Debug|Any CPU.ActiveCfg = Debug|Any CPU
		{DE58CFE6-3FE7-6E9B-9B4E-0FAFE3062357}.Debug|Any CPU.Build.0 = Debug|Any CPU
		{DE58CFE6-3FE7-6E9B-9B4E-0FAFE3062357}.Release|Any CPU.ActiveCfg = Release|Any CPU
		{DE58CFE6-3FE7-6E9B-9B4E-0FAFE3062357}.Release|Any CPU.Build.0 = Release|Any CPU
		{C053E89E-8DCC-ABFA-1FB4-062CDBB84866}.Debug|Any CPU.ActiveCfg = Debug|Any CPU
		{C053E89E-8DCC-ABFA-1FB4-062CDBB84866}.Debug|Any CPU.Build.0 = Debug|Any CPU
		{C053E89E-8DCC-ABFA-1FB4-062CDBB84866}.Release|Any CPU.ActiveCfg = Release|Any CPU
		{C053E89E-8DCC-ABFA-1FB4-062CDBB84866}.Release|Any CPU.Build.0 = Release|Any CPU
	EndGlobalSection
	GlobalSection(SolutionProperties) = preSolution
		HideSolutionNode = FALSE
	EndGlobalSection
	GlobalSection(MonoDevelopProperties) = preSolution
		StartupItem = Assembly-CSharp.csproj
	EndGlobalSection
EndGlobal
